
Microsoft Visual Studio Solution File, Format Version 12.00
# Visual Studio 15
VisualStudioVersion = 15.0.28010.2046
MinimumVisualStudioVersion = 10.0.40219.1
Project("{FAE04EC0-301F-11D3-BF4B-00C04F79EFBC}") = "CarParts003", "CarParts003\CarParts003.csproj", "{8CACC76B-9F7A-4B7F-86C0-5AB1EEE1FDA4}"
EndProject
Global
	GlobalSection(SolutionConfigurationPlatforms) = preSolution
		Debug|Any CPU = Debug|Any CPU
		Release|Any CPU = Release|Any CPU
	EndGlobalSection
	GlobalSection(ProjectConfigurationPlatforms) = postSolution
		{8CACC76B-9F7A-4B7F-86C0-5AB1EEE1FDA4}.Debug|Any CPU.ActiveCfg = Debug|Any CPU
		{8CACC76B-9F7A-4B7F-86C0-5AB1EEE1FDA4}.Debug|Any CPU.Build.0 = Debug|Any CPU
		{8CACC76B-9F7A-4B7F-86C0-5AB1EEE1FDA4}.Release|Any CPU.ActiveCfg = Release|Any CPU
		{8CACC76B-9F7A-4B7F-86C0-5AB1EEE1FDA4}.Release|Any CPU.Build.0 = Release|Any CPU
	EndGlobalSection
	GlobalSection(SolutionProperties) = preSolution
		HideSolutionNode = FALSE
	EndGlobalSection
	GlobalSection(ExtensibilityGlobals) = postSolution
		SolutionGuid = {C273E849-CEE2-4183-AB06-2F98041F1561}
	EndGlobalSection
EndGlobal
